
Microsoft Visual Studio Solution File, Format Version 12.00
# Visual Studio Version 16
VisualStudioVersion = 16.0.28803.202
MinimumVisualStudioVersion = 10.0.40219.1
Project("{FAE04EC0-301F-11D3-BF4B-00C04F79EFBC}") = "API", "API\API.csproj", "{6A688F3D-D8B5-4E99-8BDC-7FEEE93E5246}"
EndProject
Project("{FAE04EC0-301F-11D3-BF4B-00C04F79EFBC}") = "BLL", "BLL\BLL.csproj", "{48E941E2-6C59-4744-9149-C55C731A1A6E}"
EndProject
Project("{FAE04EC0-301F-11D3-BF4B-00C04F79EFBC}") = "DAL", "DAL\DAL.csproj", "{E9F93600-90FF-4D67-8EDF-AA622E6A8EDC}"
EndProject
Global
	GlobalSection(SolutionConfigurationPlatforms) = preSolution
		Debug|Any CPU = Debug|Any CPU
		Release|Any CPU = Release|Any CPU
	EndGlobalSection
	GlobalSection(ProjectConfigurationPlatforms) = postSolution
		{6A688F3D-D8B5-4E99-8BDC-7FEEE93E5246}.Debug|Any CPU.ActiveCfg = Debug|Any CPU
		{6A688F3D-D8B5-4E99-8BDC-7FEEE93E5246}.Debug|Any CPU.Build.0 = Debug|Any CPU
		{6A688F3D-D8B5-4E99-8BDC-7FEEE93E5246}.Release|Any CPU.ActiveCfg = Release|Any CPU
		{6A688F3D-D8B5-4E99-8BDC-7FEEE93E5246}.Release|Any CPU.Build.0 = Release|Any CPU
		{48E941E2-6C59-4744-9149-C55C731A1A6E}.Debug|Any CPU.ActiveCfg = Debug|Any CPU
		{48E941E2-6C59-4744-9149-C55C731A1A6E}.Debug|Any CPU.Build.0 = Debug|Any CPU
		{48E941E2-6C59-4744-9149-C55C731A1A6E}.Release|Any CPU.ActiveCfg = Release|Any CPU
		{48E941E2-6C59-4744-9149-C55C731A1A6E}.Release|Any CPU.Build.0 = Release|Any CPU
		{E9F93600-90FF-4D67-8EDF-AA622E6A8EDC}.Debug|Any CPU.ActiveCfg = Debug|Any CPU
		{E9F93600-90FF-4D67-8EDF-AA622E6A8EDC}.Debug|Any CPU.Build.0 = Debug|Any CPU
		{E9F93600-90FF-4D67-8EDF-AA622E6A8EDC}.Release|Any CPU.ActiveCfg = Release|Any CPU
		{E9F93600-90FF-4D67-8EDF-AA622E6A8EDC}.Release|Any CPU.Build.0 = Release|Any CPU
	EndGlobalSection
	GlobalSection(SolutionProperties) = preSolution
		HideSolutionNode = FALSE
	EndGlobalSection
	GlobalSection(ExtensibilityGlobals) = postSolution
		SolutionGuid = {94C361A0-49B1-4336-8C8A-809DD7DD5384}
	EndGlobalSection
EndGlobal
